// !$*UTF8*$!
{
	archiveVersion = 1;
	classes = {
	};
	objectVersion = 46;
	objects = {

/* Begin PBXBuildFile section */
		2F016D59191C2EA000DDC252 /* MainMenu.xib in Resources */ = {isa = PBXBuildFile; fileRef = 2F016D58191C2EA000DDC252 /* MainMenu.xib */; };
		2F016F4B1921250800DDC252 /* BlueDot.png in Resources */ = {isa = PBXBuildFile; fileRef = 2F016F3B1921250800DDC252 /* BlueDot.png */; };
		2F016F4C1921250800DDC252 /* DisabledGrayDot.png in Resources */ = {isa = PBXBuildFile; fileRef = 2F016F3D1921250800DDC252 /* DisabledGrayDot.png */; };
		2F016F4D1921250800DDC252 /* GrayDot.png in Resources */ = {isa = PBXBuildFile; fileRef = 2F016F3E1921250800DDC252 /* GrayDot.png */; };
		2F016F4E1921250800DDC252 /* NSBundle+TEAdditions.m in Sources */ = {isa = PBXBuildFile; fileRef = 2F016F401921250800DDC252 /* NSBundle+TEAdditions.m */; };
		2F016F4F1921250800DDC252 /* SetupAssistant.xib in Resources */ = {isa = PBXBuildFile; fileRef = 2F016F411921250800DDC252 /* SetupAssistant.xib */; };
		2F016F501921250800DDC252 /* SetupAssistantMini.xib in Resources */ = {isa = PBXBuildFile; fileRef = 2F016F421921250800DDC252 /* SetupAssistantMini.xib */; };
		2F016F511921250800DDC252 /* TEInstallStepCell.m in Sources */ = {isa = PBXBuildFile; fileRef = 2F016F441921250800DDC252 /* TEInstallStepCell.m */; };
		2F016F521921250800DDC252 /* TEInstallStepView.m in Sources */ = {isa = PBXBuildFile; fileRef = 2F016F461921250800DDC252 /* TEInstallStepView.m */; };
		2F016F531921250800DDC252 /* TESetupAssistant.m in Sources */ = {isa = PBXBuildFile; fileRef = 2F016F481921250800DDC252 /* TESetupAssistant.m */; };
		2F016F541921250800DDC252 /* TESetupAssistantBGView.m in Sources */ = {isa = PBXBuildFile; fileRef = 2F016F4A1921250800DDC252 /* TESetupAssistantBGView.m */; };
		2F016F57192125AA00DDC252 /* AGSetupAssistant.m in Sources */ = {isa = PBXBuildFile; fileRef = 2F016F56192125AA00DDC252 /* AGSetupAssistant.m */; };
		2F016F5F192126ED00DDC252 /* AGSetupDirectory.m in Sources */ = {isa = PBXBuildFile; fileRef = 2F016F5D192126ED00DDC252 /* AGSetupDirectory.m */; };
		2F016F60192126ED00DDC252 /* AGSetupDirectory.xib in Resources */ = {isa = PBXBuildFile; fileRef = 2F016F5E192126ED00DDC252 /* AGSetupDirectory.xib */; };
		2F016F661921327800DDC252 /* AGGifWindowController.m in Sources */ = {isa = PBXBuildFile; fileRef = 2F016F641921327800DDC252 /* AGGifWindowController.m */; };
		2F016F671921327800DDC252 /* AGGifWindowController.xib in Resources */ = {isa = PBXBuildFile; fileRef = 2F016F651921327800DDC252 /* AGGifWindowController.xib */; };
		2F45C9DC1923C3B100FC35AE /* GAReporting.m in Sources */ = {isa = PBXBuildFile; fileRef = 2F45C9DB1923C3B100FC35AE /* GAReporting.m */; };
		2F45C9EB1923D11E00FC35AE /* MASShortcut+Monitoring.m in Sources */ = {isa = PBXBuildFile; fileRef = 2F45C9E21923D11E00FC35AE /* MASShortcut+Monitoring.m */; };
		2F45C9EC1923D11E00FC35AE /* MASShortcut+UserDefaults.m in Sources */ = {isa = PBXBuildFile; fileRef = 2F45C9E41923D11E00FC35AE /* MASShortcut+UserDefaults.m */; };
		2F45C9ED1923D11E00FC35AE /* MASShortcut.m in Sources */ = {isa = PBXBuildFile; fileRef = 2F45C9E61923D11E00FC35AE /* MASShortcut.m */; };
		2F45C9EE1923D11E00FC35AE /* MASShortcutView+UserDefaults.m in Sources */ = {isa = PBXBuildFile; fileRef = 2F45C9E81923D11E00FC35AE /* MASShortcutView+UserDefaults.m */; };
		2F45C9EF1923D11E00FC35AE /* MASShortcutView.m in Sources */ = {isa = PBXBuildFile; fileRef = 2F45C9EA1923D11E00FC35AE /* MASShortcutView.m */; };
		2F45C9F11923D14D00FC35AE /* Carbon.framework in Frameworks */ = {isa = PBXBuildFile; fileRef = 2F45C9F01923D14D00FC35AE /* Carbon.framework */; };
		2F45CA1E192528E600FC35AE /* AGWindowUtilities.m in Sources */ = {isa = PBXBuildFile; fileRef = 2F45CA1D192528E600FC35AE /* AGWindowUtilities.m */; };
		2F4F48EF18B51C0E00BCA590 /* Cocoa.framework in Frameworks */ = {isa = PBXBuildFile; fileRef = 2F4F48EE18B51C0E00BCA590 /* Cocoa.framework */; };
		2F4F48FB18B51C0E00BCA590 /* main.m in Sources */ = {isa = PBXBuildFile; fileRef = 2F4F48FA18B51C0E00BCA590 /* main.m */; };
		2F4F490218B51C0E00BCA590 /* AGAppDelegate.m in Sources */ = {isa = PBXBuildFile; fileRef = 2F4F490118B51C0E00BCA590 /* AGAppDelegate.m */; };
		2F4F490718B51C0E00BCA590 /* Images.xcassets in Resources */ = {isa = PBXBuildFile; fileRef = 2F4F490618B51C0E00BCA590 /* Images.xcassets */; };
		2F4F490E18B51C0E00BCA590 /* XCTest.framework in Frameworks */ = {isa = PBXBuildFile; fileRef = 2F4F490D18B51C0E00BCA590 /* XCTest.framework */; };
		2F4F490F18B51C0E00BCA590 /* Cocoa.framework in Frameworks */ = {isa = PBXBuildFile; fileRef = 2F4F48EE18B51C0E00BCA590 /* Cocoa.framework */; };
		2F4F491718B51C0E00BCA590 /* InfoPlist.strings in Resources */ = {isa = PBXBuildFile; fileRef = 2F4F491518B51C0E00BCA590 /* InfoPlist.strings */; };
		2F4F491918B51C0E00BCA590 /* AirGifTests.m in Sources */ = {isa = PBXBuildFile; fileRef = 2F4F491818B51C0E00BCA590 /* AirGifTests.m */; };
		2F6883EF1917EC5A00C36852 /* NSImage+Hash.m in Sources */ = {isa = PBXBuildFile; fileRef = 2F6883EE1917EC5A00C36852 /* NSImage+Hash.m */; };
		2F6883F71917F17800C36852 /* NSImage+AnimatedGif.m in Sources */ = {isa = PBXBuildFile; fileRef = 2F6883F61917F17800C36852 /* NSImage+AnimatedGif.m */; };
		2F6883FA1917F21800C36852 /* AGDirectoryScanner.m in Sources */ = {isa = PBXBuildFile; fileRef = 2F6883F91917F21800C36852 /* AGDirectoryScanner.m */; };
		2F68850F1919340000C36852 /* AGMainWindow.m in Sources */ = {isa = PBXBuildFile; fileRef = 2F68850E1919340000C36852 /* AGMainWindow.m */; };
		2F688511191938AF00C36852 /* QuartzCore.framework in Frameworks */ = {isa = PBXBuildFile; fileRef = 2F688510191938AF00C36852 /* QuartzCore.framework */; };
		2F68856219193D9D00C36852 /* 708-search-selected.png in Resources */ = {isa = PBXBuildFile; fileRef = 2F68854719193D9D00C36852 /* 708-search-selected.png */; };
		2F68856319193D9D00C36852 /* 708-search-selected@2x.png in Resources */ = {isa = PBXBuildFile; fileRef = 2F68854819193D9D00C36852 /* 708-search-selected@2x.png */; };
		2F68856419193D9D00C36852 /* 708-search.png in Resources */ = {isa = PBXBuildFile; fileRef = 2F68854919193D9D00C36852 /* 708-search.png */; };
		2F68856519193D9D00C36852 /* 708-search@2x.png in Resources */ = {isa = PBXBuildFile; fileRef = 2F68854A19193D9D00C36852 /* 708-search@2x.png */; };
		2F68856619193D9D00C36852 /* 909-tags-selected.png in Resources */ = {isa = PBXBuildFile; fileRef = 2F68854B19193D9D00C36852 /* 909-tags-selected.png */; };
		2F68856719193D9D00C36852 /* 909-tags-selected@2x.png in Resources */ = {isa = PBXBuildFile; fileRef = 2F68854C19193D9D00C36852 /* 909-tags-selected@2x.png */; };
		2F68856819193D9D00C36852 /* 909-tags.png in Resources */ = {isa = PBXBuildFile; fileRef = 2F68854D19193D9D00C36852 /* 909-tags.png */; };
		2F68856919193D9D00C36852 /* 909-tags@2x.png in Resources */ = {isa = PBXBuildFile; fileRef = 2F68854E19193D9D00C36852 /* 909-tags@2x.png */; };
		2F68856A19193D9D00C36852 /* 912-gears-selected.png in Resources */ = {isa = PBXBuildFile; fileRef = 2F68854F19193D9D00C36852 /* 912-gears-selected.png */; };
		2F68856B19193D9D00C36852 /* 912-gears-selected@2x.png in Resources */ = {isa = PBXBuildFile; fileRef = 2F68855019193D9D00C36852 /* 912-gears-selected@2x.png */; };
		2F68856C19193D9D00C36852 /* 912-gears.png in Resources */ = {isa = PBXBuildFile; fileRef = 2F68855119193D9D00C36852 /* 912-gears.png */; };
		2F68856D19193D9D00C36852 /* 912-gears@2x.png in Resources */ = {isa = PBXBuildFile; fileRef = 2F68855219193D9D00C36852 /* 912-gears@2x.png */; };
		2F68856E19193D9D00C36852 /* 973-user-selected.png in Resources */ = {isa = PBXBuildFile; fileRef = 2F68855319193D9D00C36852 /* 973-user-selected.png */; };
		2F68856F19193D9D00C36852 /* 973-user-selected@2x.png in Resources */ = {isa = PBXBuildFile; fileRef = 2F68855419193D9D00C36852 /* 973-user-selected@2x.png */; };
		2F68857019193D9D00C36852 /* 973-user.png in Resources */ = {isa = PBXBuildFile; fileRef = 2F68855519193D9D00C36852 /* 973-user.png */; };
		2F68857119193D9D00C36852 /* 973-user@2x.png in Resources */ = {isa = PBXBuildFile; fileRef = 2F68855619193D9D00C36852 /* 973-user@2x.png */; };
		2F68857219193D9D00C36852 /* Status.png in Resources */ = {isa = PBXBuildFile; fileRef = 2F68855719193D9D00C36852 /* Status.png */; };
		2F68857319193D9D00C36852 /* Status@2x.png in Resources */ = {isa = PBXBuildFile; fileRef = 2F68855819193D9D00C36852 /* Status@2x.png */; };
		2F68857419193D9D00C36852 /* StatusHighlighted.png in Resources */ = {isa = PBXBuildFile; fileRef = 2F68855919193D9D00C36852 /* StatusHighlighted.png */; };
		2F68857519193D9D00C36852 /* StatusHighlighted@2x.png in Resources */ = {isa = PBXBuildFile; fileRef = 2F68855A19193D9D00C36852 /* StatusHighlighted@2x.png */; };
		2F68857619193D9D00C36852 /* Credits.rtf in Resources */ = {isa = PBXBuildFile; fileRef = 2F68855C19193D9D00C36852 /* Credits.rtf */; };
		2F68857719193D9D00C36852 /* InfoPlist.strings in Resources */ = {isa = PBXBuildFile; fileRef = 2F68855E19193D9D00C36852 /* InfoPlist.strings */; };
		2F68857819193D9D00C36852 /* Localizable.strings in Resources */ = {isa = PBXBuildFile; fileRef = 2F68856019193D9D00C36852 /* Localizable.strings */; };
		2F68857D19193EC600C36852 /* AGSearchViewController.m in Sources */ = {isa = PBXBuildFile; fileRef = 2F68857B19193EC600C36852 /* AGSearchViewController.m */; };
		2F68857E19193EC600C36852 /* AGSearchViewController.xib in Resources */ = {isa = PBXBuildFile; fileRef = 2F68857C19193EC600C36852 /* AGSearchViewController.xib */; };
		2F6885831919402800C36852 /* AGTagViewController.m in Sources */ = {isa = PBXBuildFile; fileRef = 2F6885811919402800C36852 /* AGTagViewController.m */; };
		2F6885841919402800C36852 /* AGTagViewController.xib in Resources */ = {isa = PBXBuildFile; fileRef = 2F6885821919402800C36852 /* AGTagViewController.xib */; };
		2F688589191940DD00C36852 /* AGSettingsViewController.m in Sources */ = {isa = PBXBuildFile; fileRef = 2F688587191940DD00C36852 /* AGSettingsViewController.m */; };
		2F68858A191940DD00C36852 /* AGSettingsViewController.xib in Resources */ = {isa = PBXBuildFile; fileRef = 2F688588191940DD00C36852 /* AGSettingsViewController.xib */; };
		2F68858D1919428500C36852 /* AGContentViewController.m in Sources */ = {isa = PBXBuildFile; fileRef = 2F68858C1919428500C36852 /* AGContentViewController.m */; };
		2F688590191945C300C36852 /* AGSearchResultViewItem.m in Sources */ = {isa = PBXBuildFile; fileRef = 2F68858F191945C300C36852 /* AGSearchResultViewItem.m */; };
		2F6885931919491700C36852 /* NSImage+Manipulation.m in Sources */ = {isa = PBXBuildFile; fileRef = 2F6885921919491700C36852 /* NSImage+Manipulation.m */; };
		2F6D7FB6191FFC1300CDCEA6 /* ORImageView.m in Sources */ = {isa = PBXBuildFile; fileRef = 2F6D7FB5191FFC1300CDCEA6 /* ORImageView.m */; };
		2F6D7FB8191FFC3800CDCEA6 /* Quartz.framework in Frameworks */ = {isa = PBXBuildFile; fileRef = 2F6D7FB7191FFC3800CDCEA6 /* Quartz.framework */; };
		2F6D7FBA191FFDF900CDCEA6 /* WebKit.framework in Frameworks */ = {isa = PBXBuildFile; fileRef = 2F6D7FB9191FFDF900CDCEA6 /* WebKit.framework */; };
		2F71023B192E503000271CB1 /* menubar.png in Resources */ = {isa = PBXBuildFile; fileRef = 2F710239192E503000271CB1 /* menubar.png */; };
		2F71023C192E503000271CB1 /* menubar@2x.png in Resources */ = {isa = PBXBuildFile; fileRef = 2F71023A192E503000271CB1 /* menubar@2x.png */; };
		2F71023F192E509D00271CB1 /* AGSetupFTUE.m in Sources */ = {isa = PBXBuildFile; fileRef = 2F71023E192E509D00271CB1 /* AGSetupFTUE.m */; };
		2F710241192E50AE00271CB1 /* AGSetupFTUE.xib in Resources */ = {isa = PBXBuildFile; fileRef = 2F710240192E50AE00271CB1 /* AGSetupFTUE.xib */; };
		2F710244192E53B200271CB1 /* 782-compass.png in Resources */ = {isa = PBXBuildFile; fileRef = 2F710242192E53B200271CB1 /* 782-compass.png */; };
		2F710245192E53B200271CB1 /* 782-compass@2x.png in Resources */ = {isa = PBXBuildFile; fileRef = 2F710243192E53B200271CB1 /* 782-compass@2x.png */; };
		2F9D644D191896C0004B1F38 /* OBMenuBarWindow.m in Sources */ = {isa = PBXBuildFile; fileRef = 2F9D6446191896C0004B1F38 /* OBMenuBarWindow.m */; };
		2F9D646719191F40004B1F38 /* ITSidebar.m in Sources */ = {isa = PBXBuildFile; fileRef = 2F9D645019191F40004B1F38 /* ITSidebar.m */; };
		2F9D646819191F40004B1F38 /* ITSidebarItemCell.m in Sources */ = {isa = PBXBuildFile; fileRef = 2F9D645219191F40004B1F38 /* ITSidebarItemCell.m */; };
		2F9D647F191A7821004B1F38 /* CoreData.framework in Frameworks */ = {isa = PBXBuildFile; fileRef = 2F4F48F218B51C0E00BCA590 /* CoreData.framework */; };
		2FE20AEF1926718B0019FBD0 /* 906-chat-3-grey.png in Resources */ = {isa = PBXBuildFile; fileRef = 2FE20AE91926718B0019FBD0 /* 906-chat-3-grey.png */; };
		2FE20AF01926718B0019FBD0 /* 906-chat-3-grey@2x.png in Resources */ = {isa = PBXBuildFile; fileRef = 2FE20AEA1926718B0019FBD0 /* 906-chat-3-grey@2x.png */; };
		2FE20AF11926718B0019FBD0 /* 909-tags-grey.png in Resources */ = {isa = PBXBuildFile; fileRef = 2FE20AEB1926718B0019FBD0 /* 909-tags-grey.png */; };
		2FE20AF21926718B0019FBD0 /* 909-tags-grey@2x.png in Resources */ = {isa = PBXBuildFile; fileRef = 2FE20AEC1926718B0019FBD0 /* 909-tags-grey@2x.png */; };
		2FE20AF31926718B0019FBD0 /* 924-inbox-download-grey.png in Resources */ = {isa = PBXBuildFile; fileRef = 2FE20AED1926718B0019FBD0 /* 924-inbox-download-grey.png */; };
		2FE20AF41926718B0019FBD0 /* 924-inbox-download-grey@2x.png in Resources */ = {isa = PBXBuildFile; fileRef = 2FE20AEE1926718B0019FBD0 /* 924-inbox-download-grey@2x.png */; };
		2FE84DBB192A989B00DBCA36 /* SKProduct+Pricing.m in Sources */ = {isa = PBXBuildFile; fileRef = 2FE84DBA192A989B00DBCA36 /* SKProduct+Pricing.m */; };
		2FFFD842192709B000F4453C /* AGDraggableImageView.m in Sources */ = {isa = PBXBuildFile; fileRef = 2FFFD841192709B000F4453C /* AGDraggableImageView.m */; };
		2FFFD8481927B76500F4453C /* ServiceManagement.framework in Frameworks */ = {isa = PBXBuildFile; fileRef = 2FFFD8471927B76500F4453C /* ServiceManagement.framework */; };
		2FFFD8A41927BBA300F4453C /* AirGifs.xcdatamodeld in Sources */ = {isa = PBXBuildFile; fileRef = 2FFFD8991927BBA300F4453C /* AirGifs.xcdatamodeld */; };
		2FFFD8A51927BBA300F4453C /* AGData.m in Sources */ = {isa = PBXBuildFile; fileRef = 2FFFD89D1927BBA300F4453C /* AGData.m */; };
		2FFFD8A61927BBA300F4453C /* AGDataStore.m in Sources */ = {isa = PBXBuildFile; fileRef = 2FFFD89F1927BBA300F4453C /* AGDataStore.m */; };
		2FFFD8A71927BBA300F4453C /* AGGif.m in Sources */ = {isa = PBXBuildFile; fileRef = 2FFFD8A11927BBA300F4453C /* AGGif.m */; };
		2FFFD8A81927BBA300F4453C /* AGGifTag.m in Sources */ = {isa = PBXBuildFile; fileRef = 2FFFD8A31927BBA300F4453C /* AGGifTag.m */; };
		2FFFD8AE1927BBE100F4453C /* AGSettings.m in Sources */ = {isa = PBXBuildFile; fileRef = 2FFFD8AB1927BBE100F4453C /* AGSettings.m */; };
		2FFFD8AF1927BBE100F4453C /* HTTPRequest.m in Sources */ = {isa = PBXBuildFile; fileRef = 2FFFD8AD1927BBE100F4453C /* HTTPRequest.m */; };
		2FFFD8B21927BE7600F4453C /* AGAnalytics.m in Sources */ = {isa = PBXBuildFile; fileRef = 2FFFD8B11927BE7600F4453C /* AGAnalytics.m */; };
		2FFFD8B51927BEDD00F4453C /* AGPointManager.m in Sources */ = {isa = PBXBuildFile; fileRef = 2FFFD8B41927BEDD00F4453C /* AGPointManager.m */; };
		2FFFD8B91927CADF00F4453C /* StoreKit.framework in Frameworks */ = {isa = PBXBuildFile; fileRef = 2FFFD8B81927CADF00F4453C /* StoreKit.framework */; };
		2FFFD8CE1927E25200F4453C /* cloud-import.png in Resources */ = {isa = PBXBuildFile; fileRef = 2FFFD8CC1927E25200F4453C /* cloud-import.png */; };
		2FFFD8CF1927E25200F4453C /* cloud-import@2x.png in Resources */ = {isa = PBXBuildFile; fileRef = 2FFFD8CD1927E25200F4453C /* cloud-import@2x.png */; };
/* End PBXBuildFile section */

/* Begin PBXContainerItemProxy section */
		2F4F491018B51C0E00BCA590 /* PBXContainerItemProxy */ = {
			isa = PBXContainerItemProxy;
			containerPortal = 2F4F48E318B51C0E00BCA590 /* Project object */;
			proxyType = 1;
			remoteGlobalIDString = 2F4F48EA18B51C0E00BCA590;
			remoteInfo = AirGif;
		};
/* End PBXContainerItemProxy section */

/* Begin PBXFileReference section */
		2F016D58191C2EA000DDC252 /* MainMenu.xib */ = {isa = PBXFileReference; fileEncoding = 4; lastKnownFileType = file.xib; path = MainMenu.xib; sourceTree = "<group>"; };
		2F016F3B1921250800DDC252 /* BlueDot.png */ = {isa = PBXFileReference; lastKnownFileType = image.png; path = BlueDot.png; sourceTree = "<group>"; };
		2F016F3C1921250800DDC252 /* Common.h */ = {isa = PBXFileReference; fileEncoding = 4; lastKnownFileType = sourcecode.c.h; path = Common.h; sourceTree = "<group>"; };
		2F016F3D1921250800DDC252 /* DisabledGrayDot.png */ = {isa = PBXFileReference; lastKnownFileType = image.png; path = DisabledGrayDot.png; sourceTree = "<group>"; };
		2F016F3E1921250800DDC252 /* GrayDot.png */ = {isa = PBXFileReference; lastKnownFileType = image.png; path = GrayDot.png; sourceTree = "<group>"; };
		2F016F3F1921250800DDC252 /* NSBundle+TEAdditions.h */ = {isa = PBXFileReference; fileEncoding = 4; lastKnownFileType = sourcecode.c.h; path = "NSBundle+TEAdditions.h"; sourceTree = "<group>"; };
		2F016F401921250800DDC252 /* NSBundle+TEAdditions.m */ = {isa = PBXFileReference; fileEncoding = 4; lastKnownFileType = sourcecode.c.objc; path = "NSBundle+TEAdditions.m"; sourceTree = "<group>"; };
		2F016F411921250800DDC252 /* SetupAssistant.xib */ = {isa = PBXFileReference; fileEncoding = 4; lastKnownFileType = file.xib; path = SetupAssistant.xib; sourceTree = "<group>"; };
		2F016F421921250800DDC252 /* SetupAssistantMini.xib */ = {isa = PBXFileReference; fileEncoding = 4; lastKnownFileType = file.xib; path = SetupAssistantMini.xib; sourceTree = "<group>"; };
		2F016F431921250800DDC252 /* TEInstallStepCell.h */ = {isa = PBXFileReference; fileEncoding = 4; lastKnownFileType = sourcecode.c.h; path = TEInstallStepCell.h; sourceTree = "<group>"; };
		2F016F441921250800DDC252 /* TEInstallStepCell.m */ = {isa = PBXFileReference; fileEncoding = 4; lastKnownFileType = sourcecode.c.objc; path = TEInstallStepCell.m; sourceTree = "<group>"; };
		2F016F451921250800DDC252 /* TEInstallStepView.h */ = {isa = PBXFileReference; fileEncoding = 4; lastKnownFileType = sourcecode.c.h; path = TEInstallStepView.h; sourceTree = "<group>"; };
		2F016F461921250800DDC252 /* TEInstallStepView.m */ = {isa = PBXFileReference; fileEncoding = 4; lastKnownFileType = sourcecode.c.objc; path = TEInstallStepView.m; sourceTree = "<group>"; };
		2F016F471921250800DDC252 /* TESetupAssistant.h */ = {isa = PBXFileReference; fileEncoding = 4; lastKnownFileType = sourcecode.c.h; path = TESetupAssistant.h; sourceTree = "<group>"; };
		2F016F481921250800DDC252 /* TESetupAssistant.m */ = {isa = PBXFileReference; fileEncoding = 4; lastKnownFileType = sourcecode.c.objc; path = TESetupAssistant.m; sourceTree = "<group>"; };
		2F016F491921250800DDC252 /* TESetupAssistantBGView.h */ = {isa = PBXFileReference; fileEncoding = 4; lastKnownFileType = sourcecode.c.h; path = TESetupAssistantBGView.h; sourceTree = "<group>"; };
		2F016F4A1921250800DDC252 /* TESetupAssistantBGView.m */ = {isa = PBXFileReference; fileEncoding = 4; lastKnownFileType = sourcecode.c.objc; path = TESetupAssistantBGView.m; sourceTree = "<group>"; };
		2F016F55192125AA00DDC252 /* AGSetupAssistant.h */ = {isa = PBXFileReference; fileEncoding = 4; lastKnownFileType = sourcecode.c.h; path = AGSetupAssistant.h; sourceTree = "<group>"; };
		2F016F56192125AA00DDC252 /* AGSetupAssistant.m */ = {isa = PBXFileReference; fileEncoding = 4; lastKnownFileType = sourcecode.c.objc; path = AGSetupAssistant.m; sourceTree = "<group>"; };
		2F016F5C192126ED00DDC252 /* AGSetupDirectory.h */ = {isa = PBXFileReference; fileEncoding = 4; lastKnownFileType = sourcecode.c.h; path = AGSetupDirectory.h; sourceTree = "<group>"; };
		2F016F5D192126ED00DDC252 /* AGSetupDirectory.m */ = {isa = PBXFileReference; fileEncoding = 4; lastKnownFileType = sourcecode.c.objc; path = AGSetupDirectory.m; sourceTree = "<group>"; };
		2F016F5E192126ED00DDC252 /* AGSetupDirectory.xib */ = {isa = PBXFileReference; fileEncoding = 4; lastKnownFileType = file.xib; path = AGSetupDirectory.xib; sourceTree = "<group>"; };
		2F016F6119212D9C00DDC252 /* AirGif.entitlements */ = {isa = PBXFileReference; lastKnownFileType = text.xml; path = AirGif.entitlements; sourceTree = "<group>"; };
		2F016F631921327800DDC252 /* AGGifWindowController.h */ = {isa = PBXFileReference; fileEncoding = 4; lastKnownFileType = sourcecode.c.h; path = AGGifWindowController.h; sourceTree = "<group>"; };
		2F016F641921327800DDC252 /* AGGifWindowController.m */ = {isa = PBXFileReference; fileEncoding = 4; lastKnownFileType = sourcecode.c.objc; path = AGGifWindowController.m; sourceTree = "<group>"; };
		2F016F651921327800DDC252 /* AGGifWindowController.xib */ = {isa = PBXFileReference; fileEncoding = 4; lastKnownFileType = file.xib; path = AGGifWindowController.xib; sourceTree = "<group>"; };
		2F45C9DA1923C3B100FC35AE /* GAReporting.h */ = {isa = PBXFileReference; fileEncoding = 4; lastKnownFileType = sourcecode.c.h; path = GAReporting.h; sourceTree = "<group>"; };
		2F45C9DB1923C3B100FC35AE /* GAReporting.m */ = {isa = PBXFileReference; fileEncoding = 4; lastKnownFileType = sourcecode.c.objc; path = GAReporting.m; sourceTree = "<group>"; };
		2F45C9E11923D11E00FC35AE /* MASShortcut+Monitoring.h */ = {isa = PBXFileReference; fileEncoding = 4; lastKnownFileType = sourcecode.c.h; path = "MASShortcut+Monitoring.h"; sourceTree = "<group>"; };
		2F45C9E21923D11E00FC35AE /* MASShortcut+Monitoring.m */ = {isa = PBXFileReference; fileEncoding = 4; lastKnownFileType = sourcecode.c.objc; path = "MASShortcut+Monitoring.m"; sourceTree = "<group>"; };
		2F45C9E31923D11E00FC35AE /* MASShortcut+UserDefaults.h */ = {isa = PBXFileReference; fileEncoding = 4; lastKnownFileType = sourcecode.c.h; path = "MASShortcut+UserDefaults.h"; sourceTree = "<group>"; };
		2F45C9E41923D11E00FC35AE /* MASShortcut+UserDefaults.m */ = {isa = PBXFileReference; fileEncoding = 4; lastKnownFileType = sourcecode.c.objc; path = "MASShortcut+UserDefaults.m"; sourceTree = "<group>"; };
		2F45C9E51923D11E00FC35AE /* MASShortcut.h */ = {isa = PBXFileReference; fileEncoding = 4; lastKnownFileType = sourcecode.c.h; path = MASShortcut.h; sourceTree = "<group>"; };
		2F45C9E61923D11E00FC35AE /* MASShortcut.m */ = {isa = PBXFileReference; fileEncoding = 4; lastKnownFileType = sourcecode.c.objc; path = MASShortcut.m; sourceTree = "<group>"; };
		2F45C9E71923D11E00FC35AE /* MASShortcutView+UserDefaults.h */ = {isa = PBXFileReference; fileEncoding = 4; lastKnownFileType = sourcecode.c.h; path = "MASShortcutView+UserDefaults.h"; sourceTree = "<group>"; };
		2F45C9E81923D11E00FC35AE /* MASShortcutView+UserDefaults.m */ = {isa = PBXFileReference; fileEncoding = 4; lastKnownFileType = sourcecode.c.objc; path = "MASShortcutView+UserDefaults.m"; sourceTree = "<group>"; };
		2F45C9E91923D11E00FC35AE /* MASShortcutView.h */ = {isa = PBXFileReference; fileEncoding = 4; lastKnownFileType = sourcecode.c.h; path = MASShortcutView.h; sourceTree = "<group>"; };
		2F45C9EA1923D11E00FC35AE /* MASShortcutView.m */ = {isa = PBXFileReference; fileEncoding = 4; lastKnownFileType = sourcecode.c.objc; path = MASShortcutView.m; sourceTree = "<group>"; };
		2F45C9F01923D14D00FC35AE /* Carbon.framework */ = {isa = PBXFileReference; lastKnownFileType = wrapper.framework; name = Carbon.framework; path = System/Library/Frameworks/Carbon.framework; sourceTree = SDKROOT; };
		2F45CA1C192528E600FC35AE /* AGWindowUtilities.h */ = {isa = PBXFileReference; fileEncoding = 4; lastKnownFileType = sourcecode.c.h; path = AGWindowUtilities.h; sourceTree = "<group>"; };
		2F45CA1D192528E600FC35AE /* AGWindowUtilities.m */ = {isa = PBXFileReference; fileEncoding = 4; lastKnownFileType = sourcecode.c.objc; path = AGWindowUtilities.m; sourceTree = "<group>"; };
		2F4F48EB18B51C0E00BCA590 /* AirGif.app */ = {isa = PBXFileReference; explicitFileType = wrapper.application; includeInIndex = 0; path = AirGif.app; sourceTree = BUILT_PRODUCTS_DIR; };
		2F4F48EE18B51C0E00BCA590 /* Cocoa.framework */ = {isa = PBXFileReference; lastKnownFileType = wrapper.framework; name = Cocoa.framework; path = System/Library/Frameworks/Cocoa.framework; sourceTree = SDKROOT; };
		2F4F48F118B51C0E00BCA590 /* AppKit.framework */ = {isa = PBXFileReference; lastKnownFileType = wrapper.framework; name = AppKit.framework; path = System/Library/Frameworks/AppKit.framework; sourceTree = SDKROOT; };
		2F4F48F218B51C0E00BCA590 /* CoreData.framework */ = {isa = PBXFileReference; lastKnownFileType = wrapper.framework; name = CoreData.framework; path = System/Library/Frameworks/CoreData.framework; sourceTree = SDKROOT; };
		2F4F48F318B51C0E00BCA590 /* Foundation.framework */ = {isa = PBXFileReference; lastKnownFileType = wrapper.framework; name = Foundation.framework; path = System/Library/Frameworks/Foundation.framework; sourceTree = SDKROOT; };
		2F4F48F618B51C0E00BCA590 /* AirGif-Info.plist */ = {isa = PBXFileReference; lastKnownFileType = text.plist.xml; path = "AirGif-Info.plist"; sourceTree = "<group>"; };
		2F4F48FA18B51C0E00BCA590 /* main.m */ = {isa = PBXFileReference; lastKnownFileType = sourcecode.c.objc; path = main.m; sourceTree = "<group>"; };
		2F4F48FC18B51C0E00BCA590 /* AirGif-Prefix.pch */ = {isa = PBXFileReference; lastKnownFileType = sourcecode.c.h; path = "AirGif-Prefix.pch"; sourceTree = "<group>"; };
		2F4F490018B51C0E00BCA590 /* AGAppDelegate.h */ = {isa = PBXFileReference; lastKnownFileType = sourcecode.c.h; path = AGAppDelegate.h; sourceTree = "<group>"; };
		2F4F490118B51C0E00BCA590 /* AGAppDelegate.m */ = {isa = PBXFileReference; lastKnownFileType = sourcecode.c.objc; path = AGAppDelegate.m; sourceTree = "<group>"; };
		2F4F490618B51C0E00BCA590 /* Images.xcassets */ = {isa = PBXFileReference; lastKnownFileType = folder.assetcatalog; path = Images.xcassets; sourceTree = "<group>"; };
		2F4F490C18B51C0E00BCA590 /* AirGifTests.xctest */ = {isa = PBXFileReference; explicitFileType = wrapper.cfbundle; includeInIndex = 0; path = AirGifTests.xctest; sourceTree = BUILT_PRODUCTS_DIR; };
		2F4F490D18B51C0E00BCA590 /* XCTest.framework */ = {isa = PBXFileReference; lastKnownFileType = wrapper.framework; name = XCTest.framework; path = Library/Frameworks/XCTest.framework; sourceTree = DEVELOPER_DIR; };
		2F4F491418B51C0E00BCA590 /* AirGifTests-Info.plist */ = {isa = PBXFileReference; lastKnownFileType = text.plist.xml; path = "AirGifTests-Info.plist"; sourceTree = "<group>"; };
		2F4F491618B51C0E00BCA590 /* en */ = {isa = PBXFileReference; lastKnownFileType = text.plist.strings; name = en; path = en.lproj/InfoPlist.strings; sourceTree = "<group>"; };
		2F4F491818B51C0E00BCA590 /* AirGifTests.m */ = {isa = PBXFileReference; lastKnownFileType = sourcecode.c.objc; path = AirGifTests.m; sourceTree = "<group>"; };
		2F6883ED1917EC5A00C36852 /* NSImage+Hash.h */ = {isa = PBXFileReference; fileEncoding = 4; lastKnownFileType = sourcecode.c.h; path = "NSImage+Hash.h"; sourceTree = "<group>"; };
		2F6883EE1917EC5A00C36852 /* NSImage+Hash.m */ = {isa = PBXFileReference; fileEncoding = 4; lastKnownFileType = sourcecode.c.objc; path = "NSImage+Hash.m"; sourceTree = "<group>"; };
		2F6883F51917F17800C36852 /* NSImage+AnimatedGif.h */ = {isa = PBXFileReference; fileEncoding = 4; lastKnownFileType = sourcecode.c.h; path = "NSImage+AnimatedGif.h"; sourceTree = "<group>"; };
		2F6883F61917F17800C36852 /* NSImage+AnimatedGif.m */ = {isa = PBXFileReference; fileEncoding = 4; lastKnownFileType = sourcecode.c.objc; path = "NSImage+AnimatedGif.m"; sourceTree = "<group>"; };
		2F6883F81917F21800C36852 /* AGDirectoryScanner.h */ = {isa = PBXFileReference; fileEncoding = 4; lastKnownFileType = sourcecode.c.h; path = AGDirectoryScanner.h; sourceTree = "<group>"; };
		2F6883F91917F21800C36852 /* AGDirectoryScanner.m */ = {isa = PBXFileReference; fileEncoding = 4; lastKnownFileType = sourcecode.c.objc; path = AGDirectoryScanner.m; sourceTree = "<group>"; };
		2F6883FB1917F65300C36852 /* Defines.h */ = {isa = PBXFileReference; lastKnownFileType = sourcecode.c.h; path = Defines.h; sourceTree = "<group>"; };
		2F68850D1919340000C36852 /* AGMainWindow.h */ = {isa = PBXFileReference; fileEncoding = 4; lastKnownFileType = sourcecode.c.h; path = AGMainWindow.h; sourceTree = "<group>"; };
		2F68850E1919340000C36852 /* AGMainWindow.m */ = {isa = PBXFileReference; fileEncoding = 4; lastKnownFileType = sourcecode.c.objc; path = AGMainWindow.m; sourceTree = "<group>"; };
		2F688510191938AF00C36852 /* QuartzCore.framework */ = {isa = PBXFileReference; lastKnownFileType = wrapper.framework; name = QuartzCore.framework; path = System/Library/Frameworks/QuartzCore.framework; sourceTree = SDKROOT; };
		2F68854719193D9D00C36852 /* 708-search-selected.png */ = {isa = PBXFileReference; lastKnownFileType = image.png; path = "708-search-selected.png"; sourceTree = "<group>"; };
		2F68854819193D9D00C36852 /* 708-search-selected@2x.png */ = {isa = PBXFileReference; lastKnownFileType = image.png; path = "708-search-selected@2x.png"; sourceTree = "<group>"; };
		2F68854919193D9D00C36852 /* 708-search.png */ = {isa = PBXFileReference; lastKnownFileType = image.png; path = "708-search.png"; sourceTree = "<group>"; };
		2F68854A19193D9D00C36852 /* 708-search@2x.png */ = {isa = PBXFileReference; lastKnownFileType = image.png; path = "708-search@2x.png"; sourceTree = "<group>"; };
		2F68854B19193D9D00C36852 /* 909-tags-selected.png */ = {isa = PBXFileReference; lastKnownFileType = image.png; path = "909-tags-selected.png"; sourceTree = "<group>"; };
		2F68854C19193D9D00C36852 /* 909-tags-selected@2x.png */ = {isa = PBXFileReference; lastKnownFileType = image.png; path = "909-tags-selected@2x.png"; sourceTree = "<group>"; };
		2F68854D19193D9D00C36852 /* 909-tags.png */ = {isa = PBXFileReference; lastKnownFileType = image.png; path = "909-tags.png"; sourceTree = "<group>"; };
		2F68854E19193D9D00C36852 /* 909-tags@2x.png */ = {isa = PBXFileReference; lastKnownFileType = image.png; path = "909-tags@2x.png"; sourceTree = "<group>"; };
		2F68854F19193D9D00C36852 /* 912-gears-selected.png */ = {isa = PBXFileReference; lastKnownFileType = image.png; path = "912-gears-selected.png"; sourceTree = "<group>"; };
		2F68855019193D9D00C36852 /* 912-gears-selected@2x.png */ = {isa = PBXFileReference; lastKnownFileType = image.png; path = "912-gears-selected@2x.png"; sourceTree = "<group>"; };
		2F68855119193D9D00C36852 /* 912-gears.png */ = {isa = PBXFileReference; lastKnownFileType = image.png; path = "912-gears.png"; sourceTree = "<group>"; };
		2F68855219193D9D00C36852 /* 912-gears@2x.png */ = {isa = PBXFileReference; lastKnownFileType = image.png; path = "912-gears@2x.png"; sourceTree = "<group>"; };
		2F68855319193D9D00C36852 /* 973-user-selected.png */ = {isa = PBXFileReference; lastKnownFileType = image.png; path = "973-user-selected.png"; sourceTree = "<group>"; };
		2F68855419193D9D00C36852 /* 973-user-selected@2x.png */ = {isa = PBXFileReference; lastKnownFileType = image.png; path = "973-user-selected@2x.png"; sourceTree = "<group>"; };
		2F68855519193D9D00C36852 /* 973-user.png */ = {isa = PBXFileReference; lastKnownFileType = image.png; path = "973-user.png"; sourceTree = "<group>"; };
		2F68855619193D9D00C36852 /* 973-user@2x.png */ = {isa = PBXFileReference; lastKnownFileType = image.png; path = "973-user@2x.png"; sourceTree = "<group>"; };
		2F68855719193D9D00C36852 /* Status.png */ = {isa = PBXFileReference; lastKnownFileType = image.png; path = Status.png; sourceTree = "<group>"; };
		2F68855819193D9D00C36852 /* Status@2x.png */ = {isa = PBXFileReference; lastKnownFileType = image.png; path = "Status@2x.png"; sourceTree = "<group>"; };
		2F68855919193D9D00C36852 /* StatusHighlighted.png */ = {isa = PBXFileReference; lastKnownFileType = image.png; path = StatusHighlighted.png; sourceTree = "<group>"; };
		2F68855A19193D9D00C36852 /* StatusHighlighted@2x.png */ = {isa = PBXFileReference; lastKnownFileType = image.png; path = "StatusHighlighted@2x.png"; sourceTree = "<group>"; };
		2F68855D19193D9D00C36852 /* en */ = {isa = PBXFileReference; lastKnownFileType = text.rtf; name = en; path = en.lproj/Credits.rtf; sourceTree = "<group>"; };
		2F68855F19193D9D00C36852 /* en */ = {isa = PBXFileReference; lastKnownFileType = text.plist.strings; name = en; path = en.lproj/InfoPlist.strings; sourceTree = "<group>"; };
		2F68856119193D9D00C36852 /* en */ = {isa = PBXFileReference; lastKnownFileType = text.plist.strings; name = en; path = en.lproj/Localizable.strings; sourceTree = "<group>"; };
		2F68857A19193EC600C36852 /* AGSearchViewController.h */ = {isa = PBXFileReference; fileEncoding = 4; lastKnownFileType = sourcecode.c.h; path = AGSearchViewController.h; sourceTree = "<group>"; };
		2F68857B19193EC600C36852 /* AGSearchViewController.m */ = {isa = PBXFileReference; fileEncoding = 4; lastKnownFileType = sourcecode.c.objc; path = AGSearchViewController.m; sourceTree = "<group>"; };
		2F68857C19193EC600C36852 /* AGSearchViewController.xib */ = {isa = PBXFileReference; fileEncoding = 4; lastKnownFileType = file.xib; path = AGSearchViewController.xib; sourceTree = "<group>"; };
		2F6885801919402800C36852 /* AGTagViewController.h */ = {isa = PBXFileReference; fileEncoding = 4; lastKnownFileType = sourcecode.c.h; path = AGTagViewController.h; sourceTree = "<group>"; };
		2F6885811919402800C36852 /* AGTagViewController.m */ = {isa = PBXFileReference; fileEncoding = 4; lastKnownFileType = sourcecode.c.objc; path = AGTagViewController.m; sourceTree = "<group>"; };
		2F6885821919402800C36852 /* AGTagViewController.xib */ = {isa = PBXFileReference; fileEncoding = 4; lastKnownFileType = file.xib; path = AGTagViewController.xib; sourceTree = "<group>"; };
		2F688586191940DD00C36852 /* AGSettingsViewController.h */ = {isa = PBXFileReference; fileEncoding = 4; lastKnownFileType = sourcecode.c.h; path = AGSettingsViewController.h; sourceTree = "<group>"; };
		2F688587191940DD00C36852 /* AGSettingsViewController.m */ = {isa = PBXFileReference; fileEncoding = 4; lastKnownFileType = sourcecode.c.objc; path = AGSettingsViewController.m; sourceTree = "<group>"; };
		2F688588191940DD00C36852 /* AGSettingsViewController.xib */ = {isa = PBXFileReference; fileEncoding = 4; lastKnownFileType = file.xib; path = AGSettingsViewController.xib; sourceTree = "<group>"; };
		2F68858B1919428500C36852 /* AGContentViewController.h */ = {isa = PBXFileReference; fileEncoding = 4; lastKnownFileType = sourcecode.c.h; path = AGContentViewController.h; sourceTree = "<group>"; };
		2F68858C1919428500C36852 /* AGContentViewController.m */ = {isa = PBXFileReference; fileEncoding = 4; lastKnownFileType = sourcecode.c.objc; path = AGContentViewController.m; sourceTree = "<group>"; };
		2F68858E191945C300C36852 /* AGSearchResultViewItem.h */ = {isa = PBXFileReference; fileEncoding = 4; lastKnownFileType = sourcecode.c.h; path = AGSearchResultViewItem.h; sourceTree = "<group>"; };
		2F68858F191945C300C36852 /* AGSearchResultViewItem.m */ = {isa = PBXFileReference; fileEncoding = 4; lastKnownFileType = sourcecode.c.objc; path = AGSearchResultViewItem.m; sourceTree = "<group>"; };
		2F6885911919491700C36852 /* NSImage+Manipulation.h */ = {isa = PBXFileReference; fileEncoding = 4; lastKnownFileType = sourcecode.c.h; path = "NSImage+Manipulation.h"; sourceTree = "<group>"; };
		2F6885921919491700C36852 /* NSImage+Manipulation.m */ = {isa = PBXFileReference; fileEncoding = 4; lastKnownFileType = sourcecode.c.objc; path = "NSImage+Manipulation.m"; sourceTree = "<group>"; };
		2F6D7FB4191FFC1300CDCEA6 /* ORImageView.h */ = {isa = PBXFileReference; fileEncoding = 4; lastKnownFileType = sourcecode.c.h; path = ORImageView.h; sourceTree = "<group>"; };
		2F6D7FB5191FFC1300CDCEA6 /* ORImageView.m */ = {isa = PBXFileReference; fileEncoding = 4; lastKnownFileType = sourcecode.c.objc; path = ORImageView.m; sourceTree = "<group>"; };
		2F6D7FB7191FFC3800CDCEA6 /* Quartz.framework */ = {isa = PBXFileReference; lastKnownFileType = wrapper.framework; name = Quartz.framework; path = System/Library/Frameworks/Quartz.framework; sourceTree = SDKROOT; };
		2F6D7FB9191FFDF900CDCEA6 /* WebKit.framework */ = {isa = PBXFileReference; lastKnownFileType = wrapper.framework; name = WebKit.framework; path = System/Library/Frameworks/WebKit.framework; sourceTree = SDKROOT; };
		2F710239192E503000271CB1 /* menubar.png */ = {isa = PBXFileReference; lastKnownFileType = image.png; path = menubar.png; sourceTree = "<group>"; };
		2F71023A192E503000271CB1 /* menubar@2x.png */ = {isa = PBXFileReference; lastKnownFileType = image.png; path = "menubar@2x.png"; sourceTree = "<group>"; };
		2F71023D192E509D00271CB1 /* AGSetupFTUE.h */ = {isa = PBXFileReference; fileEncoding = 4; lastKnownFileType = sourcecode.c.h; path = AGSetupFTUE.h; sourceTree = "<group>"; };
		2F71023E192E509D00271CB1 /* AGSetupFTUE.m */ = {isa = PBXFileReference; fileEncoding = 4; lastKnownFileType = sourcecode.c.objc; path = AGSetupFTUE.m; sourceTree = "<group>"; };
		2F710240192E50AE00271CB1 /* AGSetupFTUE.xib */ = {isa = PBXFileReference; fileEncoding = 4; lastKnownFileType = file.xib; path = AGSetupFTUE.xib; sourceTree = "<group>"; };
		2F710242192E53B200271CB1 /* 782-compass.png */ = {isa = PBXFileReference; lastKnownFileType = image.png; name = "782-compass.png"; path = "AirGif/Resources/images/glyphish/782-compass.png"; sourceTree = SOURCE_ROOT; };
		2F710243192E53B200271CB1 /* 782-compass@2x.png */ = {isa = PBXFileReference; lastKnownFileType = image.png; name = "782-compass@2x.png"; path = "AirGif/Resources/images/glyphish/782-compass@2x.png"; sourceTree = SOURCE_ROOT; };
		2F9D6445191896C0004B1F38 /* OBMenuBarWindow.h */ = {isa = PBXFileReference; fileEncoding = 4; lastKnownFileType = sourcecode.c.h; path = OBMenuBarWindow.h; sourceTree = "<group>"; };
		2F9D6446191896C0004B1F38 /* OBMenuBarWindow.m */ = {isa = PBXFileReference; fileEncoding = 4; lastKnownFileType = sourcecode.c.objc; path = OBMenuBarWindow.m; sourceTree = "<group>"; };
		2F9D644F19191F40004B1F38 /* ITSidebar.h */ = {isa = PBXFileReference; fileEncoding = 4; lastKnownFileType = sourcecode.c.h; path = ITSidebar.h; sourceTree = "<group>"; };
		2F9D645019191F40004B1F38 /* ITSidebar.m */ = {isa = PBXFileReference; fileEncoding = 4; lastKnownFileType = sourcecode.c.objc; path = ITSidebar.m; sourceTree = "<group>"; };
		2F9D645119191F40004B1F38 /* ITSidebarItemCell.h */ = {isa = PBXFileReference; fileEncoding = 4; lastKnownFileType = sourcecode.c.h; path = ITSidebarItemCell.h; sourceTree = "<group>"; };
		2F9D645219191F40004B1F38 /* ITSidebarItemCell.m */ = {isa = PBXFileReference; fileEncoding = 4; lastKnownFileType = sourcecode.c.objc; path = ITSidebarItemCell.m; sourceTree = "<group>"; };
		2F9D647D19191F6E004B1F38 /* ITLeakWarningHelper.h */ = {isa = PBXFileReference; fileEncoding = 4; lastKnownFileType = sourcecode.c.h; path = ITLeakWarningHelper.h; sourceTree = "<group>"; };
		2FE20AE91926718B0019FBD0 /* 906-chat-3-grey.png */ = {isa = PBXFileReference; lastKnownFileType = image.png; path = "906-chat-3-grey.png"; sourceTree = "<group>"; };
		2FE20AEA1926718B0019FBD0 /* 906-chat-3-grey@2x.png */ = {isa = PBXFileReference; lastKnownFileType = image.png; path = "906-chat-3-grey@2x.png"; sourceTree = "<group>"; };
		2FE20AEB1926718B0019FBD0 /* 909-tags-grey.png */ = {isa = PBXFileReference; lastKnownFileType = image.png; path = "909-tags-grey.png"; sourceTree = "<group>"; };
		2FE20AEC1926718B0019FBD0 /* 909-tags-grey@2x.png */ = {isa = PBXFileReference; lastKnownFileType = image.png; path = "909-tags-grey@2x.png"; sourceTree = "<group>"; };
		2FE20AED1926718B0019FBD0 /* 924-inbox-download-grey.png */ = {isa = PBXFileReference; lastKnownFileType = image.png; path = "924-inbox-download-grey.png"; sourceTree = "<group>"; };
		2FE20AEE1926718B0019FBD0 /* 924-inbox-download-grey@2x.png */ = {isa = PBXFileReference; lastKnownFileType = image.png; path = "924-inbox-download-grey@2x.png"; sourceTree = "<group>"; };
		2FE84DB9192A989B00DBCA36 /* SKProduct+Pricing.h */ = {isa = PBXFileReference; fileEncoding = 4; lastKnownFileType = sourcecode.c.h; path = "SKProduct+Pricing.h"; sourceTree = "<group>"; };
		2FE84DBA192A989B00DBCA36 /* SKProduct+Pricing.m */ = {isa = PBXFileReference; fileEncoding = 4; lastKnownFileType = sourcecode.c.objc; path = "SKProduct+Pricing.m"; sourceTree = "<group>"; };
		2FFFD840192709B000F4453C /* AGDraggableImageView.h */ = {isa = PBXFileReference; fileEncoding = 4; lastKnownFileType = sourcecode.c.h; path = AGDraggableImageView.h; sourceTree = "<group>"; };
		2FFFD841192709B000F4453C /* AGDraggableImageView.m */ = {isa = PBXFileReference; fileEncoding = 4; lastKnownFileType = sourcecode.c.objc; path = AGDraggableImageView.m; sourceTree = "<group>"; };
		2FFFD8471927B76500F4453C /* ServiceManagement.framework */ = {isa = PBXFileReference; lastKnownFileType = wrapper.framework; name = ServiceManagement.framework; path = System/Library/Frameworks/ServiceManagement.framework; sourceTree = SDKROOT; };
		2FFFD89A1927BBA300F4453C /* AirGifs.xcdatamodel */ = {isa = PBXFileReference; lastKnownFileType = wrapper.xcdatamodel; path = AirGifs.xcdatamodel; sourceTree = "<group>"; };
		2FFFD89C1927BBA300F4453C /* AGData.h */ = {isa = PBXFileReference; fileEncoding = 4; lastKnownFileType = sourcecode.c.h; path = AGData.h; sourceTree = "<group>"; };
		2FFFD89D1927BBA300F4453C /* AGData.m */ = {isa = PBXFileReference; fileEncoding = 4; lastKnownFileType = sourcecode.c.objc; path = AGData.m; sourceTree = "<group>"; };
		2FFFD89E1927BBA300F4453C /* AGDataStore.h */ = {isa = PBXFileReference; fileEncoding = 4; lastKnownFileType = sourcecode.c.h; path = AGDataStore.h; sourceTree = "<group>"; };
		2FFFD89F1927BBA300F4453C /* AGDataStore.m */ = {isa = PBXFileReference; fileEncoding = 4; lastKnownFileType = sourcecode.c.objc; path = AGDataStore.m; sourceTree = "<group>"; };
		2FFFD8A01927BBA300F4453C /* AGGif.h */ = {isa = PBXFileReference; fileEncoding = 4; lastKnownFileType = sourcecode.c.h; path = AGGif.h; sourceTree = "<group>"; };
		2FFFD8A11927BBA300F4453C /* AGGif.m */ = {isa = PBXFileReference; fileEncoding = 4; lastKnownFileType = sourcecode.c.objc; path = AGGif.m; sourceTree = "<group>"; };
		2FFFD8A21927BBA300F4453C /* AGGifTag.h */ = {isa = PBXFileReference; fileEncoding = 4; lastKnownFileType = sourcecode.c.h; path = AGGifTag.h; sourceTree = "<group>"; };
		2FFFD8A31927BBA300F4453C /* AGGifTag.m */ = {isa = PBXFileReference; fileEncoding = 4; lastKnownFileType = sourcecode.c.objc; path = AGGifTag.m; sourceTree = "<group>"; };
		2FFFD8AA1927BBE100F4453C /* AGSettings.h */ = {isa = PBXFileReference; fileEncoding = 4; lastKnownFileType = sourcecode.c.h; path = AGSettings.h; sourceTree = "<group>"; };
		2FFFD8AB1927BBE100F4453C /* AGSettings.m */ = {isa = PBXFileReference; fileEncoding = 4; lastKnownFileType = sourcecode.c.objc; path = AGSettings.m; sourceTree = "<group>"; };
		2FFFD8AC1927BBE100F4453C /* HTTPRequest.h */ = {isa = PBXFileReference; fileEncoding = 4; lastKnownFileType = sourcecode.c.h; path = HTTPRequest.h; sourceTree = "<group>"; };
		2FFFD8AD1927BBE100F4453C /* HTTPRequest.m */ = {isa = PBXFileReference; fileEncoding = 4; lastKnownFileType = sourcecode.c.objc; path = HTTPRequest.m; sourceTree = "<group>"; };
		2FFFD8B01927BE7600F4453C /* AGAnalytics.h */ = {isa = PBXFileReference; fileEncoding = 4; lastKnownFileType = sourcecode.c.h; path = AGAnalytics.h; sourceTree = "<group>"; };
		2FFFD8B11927BE7600F4453C /* AGAnalytics.m */ = {isa = PBXFileReference; fileEncoding = 4; lastKnownFileType = sourcecode.c.objc; path = AGAnalytics.m; sourceTree = "<group>"; };
		2FFFD8B31927BEDD00F4453C /* AGPointManager.h */ = {isa = PBXFileReference; fileEncoding = 4; lastKnownFileType = sourcecode.c.h; path = AGPointManager.h; sourceTree = "<group>"; };
		2FFFD8B41927BEDD00F4453C /* AGPointManager.m */ = {isa = PBXFileReference; fileEncoding = 4; lastKnownFileType = sourcecode.c.objc; path = AGPointManager.m; sourceTree = "<group>"; };
		2FFFD8B81927CADF00F4453C /* StoreKit.framework */ = {isa = PBXFileReference; lastKnownFileType = wrapper.framework; name = StoreKit.framework; path = System/Library/Frameworks/StoreKit.framework; sourceTree = SDKROOT; };
		2FFFD8CC1927E25200F4453C /* cloud-import.png */ = {isa = PBXFileReference; lastKnownFileType = image.png; path = "cloud-import.png"; sourceTree = "<group>"; };
		2FFFD8CD1927E25200F4453C /* cloud-import@2x.png */ = {isa = PBXFileReference; lastKnownFileType = image.png; path = "cloud-import@2x.png"; sourceTree = "<group>"; };
/* End PBXFileReference section */

/* Begin PBXFrameworksBuildPhase section */
		2F4F48E818B51C0E00BCA590 /* Frameworks */ = {
			isa = PBXFrameworksBuildPhase;
			buildActionMask = 2147483647;
			files = (
				2FFFD8B91927CADF00F4453C /* StoreKit.framework in Frameworks */,
				2FFFD8481927B76500F4453C /* ServiceManagement.framework in Frameworks */,
				2F45C9F11923D14D00FC35AE /* Carbon.framework in Frameworks */,
				2F6D7FBA191FFDF900CDCEA6 /* WebKit.framework in Frameworks */,
				2F6D7FB8191FFC3800CDCEA6 /* Quartz.framework in Frameworks */,
				2F9D647F191A7821004B1F38 /* CoreData.framework in Frameworks */,
				2F688511191938AF00C36852 /* QuartzCore.framework in Frameworks */,
				2F4F48EF18B51C0E00BCA590 /* Cocoa.framework in Frameworks */,
			);
			runOnlyForDeploymentPostprocessing = 0;
		};
		2F4F490918B51C0E00BCA590 /* Frameworks */ = {
			isa = PBXFrameworksBuildPhase;
			buildActionMask = 2147483647;
			files = (
				2F4F490F18B51C0E00BCA590 /* Cocoa.framework in Frameworks */,
				2F4F490E18B51C0E00BCA590 /* XCTest.framework in Frameworks */,
			);
			runOnlyForDeploymentPostprocessing = 0;
		};
/* End PBXFrameworksBuildPhase section */

/* Begin PBXGroup section */
		2F016F3A1921250800DDC252 /* TESetupAssistant */ = {
			isa = PBXGroup;
			children = (
				2F016F3B1921250800DDC252 /* BlueDot.png */,
				2F016F3C1921250800DDC252 /* Common.h */,
				2F016F3D1921250800DDC252 /* DisabledGrayDot.png */,
				2F016F3E1921250800DDC252 /* GrayDot.png */,
				2F016F3F1921250800DDC252 /* NSBundle+TEAdditions.h */,
				2F016F401921250800DDC252 /* NSBundle+TEAdditions.m */,
				2F016F411921250800DDC252 /* SetupAssistant.xib */,
				2F016F421921250800DDC252 /* SetupAssistantMini.xib */,
				2F016F431921250800DDC252 /* TEInstallStepCell.h */,
				2F016F441921250800DDC252 /* TEInstallStepCell.m */,
				2F016F451921250800DDC252 /* TEInstallStepView.h */,
				2F016F461921250800DDC252 /* TEInstallStepView.m */,
				2F016F471921250800DDC252 /* TESetupAssistant.h */,
				2F016F481921250800DDC252 /* TESetupAssistant.m */,
				2F016F491921250800DDC252 /* TESetupAssistantBGView.h */,
				2F016F4A1921250800DDC252 /* TESetupAssistantBGView.m */,
			);
			path = TESetupAssistant;
			sourceTree = "<group>";
		};
		2F016F58192125E700DDC252 /* Setup */ = {
			isa = PBXGroup;
			children = (
				2F016F55192125AA00DDC252 /* AGSetupAssistant.h */,
				2F016F56192125AA00DDC252 /* AGSetupAssistant.m */,
				2F016F5C192126ED00DDC252 /* AGSetupDirectory.h */,
				2F016F5D192126ED00DDC252 /* AGSetupDirectory.m */,
				2F016F5E192126ED00DDC252 /* AGSetupDirectory.xib */,
				2F71023D192E509D00271CB1 /* AGSetupFTUE.h */,
				2F71023E192E509D00271CB1 /* AGSetupFTUE.m */,
				2F710240192E50AE00271CB1 /* AGSetupFTUE.xib */,
			);
			name = Setup;
			sourceTree = "<group>";
		};
		2F016F621921325D00DDC252 /* Gif */ = {
			isa = PBXGroup;
			children = (
				2F016F631921327800DDC252 /* AGGifWindowController.h */,
				2F016F641921327800DDC252 /* AGGifWindowController.m */,
				2F016F651921327800DDC252 /* AGGifWindowController.xib */,
				2FFFD840192709B000F4453C /* AGDraggableImageView.h */,
				2FFFD841192709B000F4453C /* AGDraggableImageView.m */,
			);
			name = Gif;
			sourceTree = "<group>";
		};
		2F45C9D91923C38A00FC35AE /* GAN */ = {
			isa = PBXGroup;
			children = (
				2F45C9DA1923C3B100FC35AE /* GAReporting.h */,
				2F45C9DB1923C3B100FC35AE /* GAReporting.m */,
			);
			path = GAN;
			sourceTree = "<group>";
		};
		2F45C9E01923D11E00FC35AE /* MASShortcut */ = {
			isa = PBXGroup;
			children = (
				2F45C9E11923D11E00FC35AE /* MASShortcut+Monitoring.h */,
				2F45C9E21923D11E00FC35AE /* MASShortcut+Monitoring.m */,
				2F45C9E31923D11E00FC35AE /* MASShortcut+UserDefaults.h */,
				2F45C9E41923D11E00FC35AE /* MASShortcut+UserDefaults.m */,
				2F45C9E51923D11E00FC35AE /* MASShortcut.h */,
				2F45C9E61923D11E00FC35AE /* MASShortcut.m */,
				2F45C9E71923D11E00FC35AE /* MASShortcutView+UserDefaults.h */,
				2F45C9E81923D11E00FC35AE /* MASShortcutView+UserDefaults.m */,
				2F45C9E91923D11E00FC35AE /* MASShortcutView.h */,
				2F45C9EA1923D11E00FC35AE /* MASShortcutView.m */,
			);
			path = MASShortcut;
			sourceTree = "<group>";
		};
		2F4F48E218B51C0E00BCA590 = {
			isa = PBXGroup;
			children = (
				2FFFD8981927BBA300F4453C /* Universal */,
				2F4F48F418B51C0E00BCA590 /* AirGif */,
				2F4F491218B51C0E00BCA590 /* AirGifTests */,
				2F4F48ED18B51C0E00BCA590 /* Frameworks */,
				2F4F48EC18B51C0E00BCA590 /* Products */,
			);
			sourceTree = "<group>";
		};
		2F4F48EC18B51C0E00BCA590 /* Products */ = {
			isa = PBXGroup;
			children = (
				2F4F48EB18B51C0E00BCA590 /* AirGif.app */,
				2F4F490C18B51C0E00BCA590 /* AirGifTests.xctest */,
			);
			name = Products;
			sourceTree = "<group>";
		};
		2F4F48ED18B51C0E00BCA590 /* Frameworks */ = {
			isa = PBXGroup;
			children = (
				2FFFD8B81927CADF00F4453C /* StoreKit.framework */,
				2FFFD8471927B76500F4453C /* ServiceManagement.framework */,
				2F45C9F01923D14D00FC35AE /* Carbon.framework */,
				2F6D7FB9191FFDF900CDCEA6 /* WebKit.framework */,
				2F6D7FB7191FFC3800CDCEA6 /* Quartz.framework */,
				2F688510191938AF00C36852 /* QuartzCore.framework */,
				2F4F48EE18B51C0E00BCA590 /* Cocoa.framework */,
				2F4F490D18B51C0E00BCA590 /* XCTest.framework */,
				2F4F48F018B51C0E00BCA590 /* Other Frameworks */,
			);
			name = Frameworks;
			sourceTree = "<group>";
		};
		2F4F48F018B51C0E00BCA590 /* Other Frameworks */ = {
			isa = PBXGroup;
			children = (
				2F4F48F118B51C0E00BCA590 /* AppKit.framework */,
				2F4F48F218B51C0E00BCA590 /* CoreData.framework */,
				2F4F48F318B51C0E00BCA590 /* Foundation.framework */,
			);
			name = "Other Frameworks";
			sourceTree = "<group>";
		};
		2F4F48F418B51C0E00BCA590 /* AirGif */ = {
			isa = PBXGroup;
			children = (
				2F016F6119212D9C00DDC252 /* AirGif.entitlements */,
				2F9D6436191896C0004B1F38 /* Libraries */,
				2F6883E81917EC4F00C36852 /* Categories */,
				2F6883E91917EC4F00C36852 /* Utilities */,
				2F68850C1919338C00C36852 /* UI */,
				2F4F490018B51C0E00BCA590 /* AGAppDelegate.h */,
				2F4F490118B51C0E00BCA590 /* AGAppDelegate.m */,
				2F4F490618B51C0E00BCA590 /* Images.xcassets */,
				2F4F495C18B522A300BCA590 /* Resources */,
				2F4F48F518B51C0E00BCA590 /* Supporting Files */,
			);
			path = AirGif;
			sourceTree = "<group>";
		};
		2F4F48F518B51C0E00BCA590 /* Supporting Files */ = {
			isa = PBXGroup;
			children = (
				2F4F48F618B51C0E00BCA590 /* AirGif-Info.plist */,
				2F4F48FA18B51C0E00BCA590 /* main.m */,
				2F4F48FC18B51C0E00BCA590 /* AirGif-Prefix.pch */,
				2F6883FB1917F65300C36852 /* Defines.h */,
			);
			name = "Supporting Files";
			sourceTree = "<group>";
		};
		2F4F491218B51C0E00BCA590 /* AirGifTests */ = {
			isa = PBXGroup;
			children = (
				2F4F491818B51C0E00BCA590 /* AirGifTests.m */,
				2F4F491318B51C0E00BCA590 /* Supporting Files */,
			);
			path = AirGifTests;
			sourceTree = "<group>";
		};
		2F4F491318B51C0E00BCA590 /* Supporting Files */ = {
			isa = PBXGroup;
			children = (
				2F4F491418B51C0E00BCA590 /* AirGifTests-Info.plist */,
				2F4F491518B51C0E00BCA590 /* InfoPlist.strings */,
			);
			name = "Supporting Files";
			sourceTree = "<group>";
		};
		2F4F495C18B522A300BCA590 /* Resources */ = {
			isa = PBXGroup;
			children = (
				2F68854519193D9D00C36852 /* images */,
				2F68855B19193D9D00C36852 /* localization */,
			);
			path = Resources;
			sourceTree = "<group>";
		};
		2F6883E81917EC4F00C36852 /* Categories */ = {
			isa = PBXGroup;
			children = (
				2F6883F51917F17800C36852 /* NSImage+AnimatedGif.h */,
				2F6883F61917F17800C36852 /* NSImage+AnimatedGif.m */,
				2F6883ED1917EC5A00C36852 /* NSImage+Hash.h */,
				2F6883EE1917EC5A00C36852 /* NSImage+Hash.m */,
				2F6885911919491700C36852 /* NSImage+Manipulation.h */,
				2F6885921919491700C36852 /* NSImage+Manipulation.m */,
				2FE84DB9192A989B00DBCA36 /* SKProduct+Pricing.h */,
				2FE84DBA192A989B00DBCA36 /* SKProduct+Pricing.m */,
			);
			path = Categories;
			sourceTree = "<group>";
		};
		2F6883E91917EC4F00C36852 /* Utilities */ = {
			isa = PBXGroup;
			children = (
				2F6883F81917F21800C36852 /* AGDirectoryScanner.h */,
				2F6883F91917F21800C36852 /* AGDirectoryScanner.m */,
				2F45CA1C192528E600FC35AE /* AGWindowUtilities.h */,
				2F45CA1D192528E600FC35AE /* AGWindowUtilities.m */,
			);
			path = Utilities;
			sourceTree = "<group>";
		};
		2F68850C1919338C00C36852 /* UI */ = {
			isa = PBXGroup;
			children = (
				2F016F621921325D00DDC252 /* Gif */,
				2F016F58192125E700DDC252 /* Setup */,
				2F6885851919403600C36852 /* Settings */,
				2F68857F1919401000C36852 /* Tags */,
				2F68857919193E4200C36852 /* Search */,
				2F68850D1919340000C36852 /* AGMainWindow.h */,
				2F68850E1919340000C36852 /* AGMainWindow.m */,
				2F68858B1919428500C36852 /* AGContentViewController.h */,
				2F68858C1919428500C36852 /* AGContentViewController.m */,
				2F016D58191C2EA000DDC252 /* MainMenu.xib */,
			);
			path = UI;
			sourceTree = "<group>";
		};
		2F68854519193D9D00C36852 /* images */ = {
			isa = PBXGroup;
			children = (
				2F68854619193D9D00C36852 /* glyphish */,
				2F68855719193D9D00C36852 /* Status.png */,
				2F68855819193D9D00C36852 /* Status@2x.png */,
				2F68855919193D9D00C36852 /* StatusHighlighted.png */,
				2F68855A19193D9D00C36852 /* StatusHighlighted@2x.png */,
				2F710239192E503000271CB1 /* menubar.png */,
				2F71023A192E503000271CB1 /* menubar@2x.png */,
			);
			path = images;
			sourceTree = "<group>";
		};
		2F68854619193D9D00C36852 /* glyphish */ = {
			isa = PBXGroup;
			children = (
				2F710242192E53B200271CB1 /* 782-compass.png */,
				2F710243192E53B200271CB1 /* 782-compass@2x.png */,
				2FE20AE91926718B0019FBD0 /* 906-chat-3-grey.png */,
				2FE20AEA1926718B0019FBD0 /* 906-chat-3-grey@2x.png */,
				2FE20AEB1926718B0019FBD0 /* 909-tags-grey.png */,
				2FE20AEC1926718B0019FBD0 /* 909-tags-grey@2x.png */,
				2FE20AED1926718B0019FBD0 /* 924-inbox-download-grey.png */,
				2FE20AEE1926718B0019FBD0 /* 924-inbox-download-grey@2x.png */,
				2F68854719193D9D00C36852 /* 708-search-selected.png */,
				2F68854819193D9D00C36852 /* 708-search-selected@2x.png */,
				2F68854919193D9D00C36852 /* 708-search.png */,
				2F68854A19193D9D00C36852 /* 708-search@2x.png */,
				2F68854B19193D9D00C36852 /* 909-tags-selected.png */,
				2F68854C19193D9D00C36852 /* 909-tags-selected@2x.png */,
				2F68854D19193D9D00C36852 /* 909-tags.png */,
				2F68854E19193D9D00C36852 /* 909-tags@2x.png */,
				2F68854F19193D9D00C36852 /* 912-gears-selected.png */,
				2F68855019193D9D00C36852 /* 912-gears-selected@2x.png */,
				2F68855119193D9D00C36852 /* 912-gears.png */,
				2FFFD8CC1927E25200F4453C /* cloud-import.png */,
				2FFFD8CD1927E25200F4453C /* cloud-import@2x.png */,
				2F68855219193D9D00C36852 /* 912-gears@2x.png */,
				2F68855319193D9D00C36852 /* 973-user-selected.png */,
				2F68855419193D9D00C36852 /* 973-user-selected@2x.png */,
				2F68855519193D9D00C36852 /* 973-user.png */,
				2F68855619193D9D00C36852 /* 973-user@2x.png */,
			);
			path = glyphish;
			sourceTree = "<group>";
		};
		2F68855B19193D9D00C36852 /* localization */ = {
			isa = PBXGroup;
			children = (
				2F68855C19193D9D00C36852 /* Credits.rtf */,
				2F68855E19193D9D00C36852 /* InfoPlist.strings */,
				2F68856019193D9D00C36852 /* Localizable.strings */,
			);
			path = localization;
			sourceTree = "<group>";
		};
		2F68857919193E4200C36852 /* Search */ = {
			isa = PBXGroup;
			children = (
				2F68857A19193EC600C36852 /* AGSearchViewController.h */,
				2F68857B19193EC600C36852 /* AGSearchViewController.m */,
				2F68857C19193EC600C36852 /* AGSearchViewController.xib */,
				2F68858E191945C300C36852 /* AGSearchResultViewItem.h */,
				2F68858F191945C300C36852 /* AGSearchResultViewItem.m */,
			);
			name = Search;
			sourceTree = "<group>";
		};
		2F68857F1919401000C36852 /* Tags */ = {
			isa = PBXGroup;
			children = (
				2F6885801919402800C36852 /* AGTagViewController.h */,
				2F6885811919402800C36852 /* AGTagViewController.m */,
				2F6885821919402800C36852 /* AGTagViewController.xib */,
			);
			name = Tags;
			sourceTree = "<group>";
		};
		2F6885851919403600C36852 /* Settings */ = {
			isa = PBXGroup;
			children = (
				2F688586191940DD00C36852 /* AGSettingsViewController.h */,
				2F688587191940DD00C36852 /* AGSettingsViewController.m */,
				2F688588191940DD00C36852 /* AGSettingsViewController.xib */,
			);
			name = Settings;
			sourceTree = "<group>";
		};
		2F6D7FB3191FFC0400CDCEA6 /* ORImageView */ = {
			isa = PBXGroup;
			children = (
				2F6D7FB4191FFC1300CDCEA6 /* ORImageView.h */,
				2F6D7FB5191FFC1300CDCEA6 /* ORImageView.m */,
			);
			name = ORImageView;
			sourceTree = "<group>";
		};
		2F9D6436191896C0004B1F38 /* Libraries */ = {
			isa = PBXGroup;
			children = (
				2F45C9E01923D11E00FC35AE /* MASShortcut */,
				2F45C9D91923C38A00FC35AE /* GAN */,
				2F016F3A1921250800DDC252 /* TESetupAssistant */,
				2F6D7FB3191FFC0400CDCEA6 /* ORImageView */,
				2F9D644E19191F40004B1F38 /* ITSidebar */,
				2F9D6444191896C0004B1F38 /* OBMenuBarWindow */,
			);
			path = Libraries;
			sourceTree = "<group>";
		};
		2F9D6444191896C0004B1F38 /* OBMenuBarWindow */ = {
			isa = PBXGroup;
			children = (
				2F9D6445191896C0004B1F38 /* OBMenuBarWindow.h */,
				2F9D6446191896C0004B1F38 /* OBMenuBarWindow.m */,
			);
			path = OBMenuBarWindow;
			sourceTree = "<group>";
		};
		2F9D644E19191F40004B1F38 /* ITSidebar */ = {
			isa = PBXGroup;
			children = (
				2F9D647D19191F6E004B1F38 /* ITLeakWarningHelper.h */,
				2F9D644F19191F40004B1F38 /* ITSidebar.h */,
				2F9D645019191F40004B1F38 /* ITSidebar.m */,
				2F9D645119191F40004B1F38 /* ITSidebarItemCell.h */,
				2F9D645219191F40004B1F38 /* ITSidebarItemCell.m */,
			);
			path = ITSidebar;
			sourceTree = "<group>";
		};
		2FFFD8981927BBA300F4453C /* Universal */ = {
			isa = PBXGroup;
			children = (
				2FFFD8A91927BBE100F4453C /* Utilities */,
				2FFFD8991927BBA300F4453C /* AirGifs.xcdatamodeld */,
				2FFFD89B1927BBA300F4453C /* Data */,
			);
			path = Universal;
			sourceTree = "<group>";
		};
		2FFFD89B1927BBA300F4453C /* Data */ = {
			isa = PBXGroup;
			children = (
				2FFFD89C1927BBA300F4453C /* AGData.h */,
				2FFFD89D1927BBA300F4453C /* AGData.m */,
				2FFFD89E1927BBA300F4453C /* AGDataStore.h */,
				2FFFD89F1927BBA300F4453C /* AGDataStore.m */,
				2FFFD8A01927BBA300F4453C /* AGGif.h */,
				2FFFD8A11927BBA300F4453C /* AGGif.m */,
				2FFFD8A21927BBA300F4453C /* AGGifTag.h */,
				2FFFD8A31927BBA300F4453C /* AGGifTag.m */,
			);
			path = Data;
			sourceTree = "<group>";
		};
		2FFFD8A91927BBE100F4453C /* Utilities */ = {
			isa = PBXGroup;
			children = (
				2FFFD8B01927BE7600F4453C /* AGAnalytics.h */,
				2FFFD8B11927BE7600F4453C /* AGAnalytics.m */,
				2FFFD8AA1927BBE100F4453C /* AGSettings.h */,
				2FFFD8AB1927BBE100F4453C /* AGSettings.m */,
				2FFFD8AC1927BBE100F4453C /* HTTPRequest.h */,
				2FFFD8AD1927BBE100F4453C /* HTTPRequest.m */,
				2FFFD8B31927BEDD00F4453C /* AGPointManager.h */,
				2FFFD8B41927BEDD00F4453C /* AGPointManager.m */,
			);
			path = Utilities;
			sourceTree = "<group>";
		};
/* End PBXGroup section */

/* Begin PBXNativeTarget section */
		2F4F48EA18B51C0E00BCA590 /* AirGif */ = {
			isa = PBXNativeTarget;
			buildConfigurationList = 2F4F491C18B51C0E00BCA590 /* Build configuration list for PBXNativeTarget "AirGif" */;
			buildPhases = (
				2F4F48E718B51C0E00BCA590 /* Sources */,
				2F4F48E818B51C0E00BCA590 /* Frameworks */,
				2F4F48E918B51C0E00BCA590 /* Resources */,
			);
			buildRules = (
			);
			dependencies = (
			);
			name = AirGif;
			productName = AirGif;
			productReference = 2F4F48EB18B51C0E00BCA590 /* AirGif.app */;
			productType = "com.apple.product-type.application";
		};
		2F4F490B18B51C0E00BCA590 /* AirGifTests */ = {
			isa = PBXNativeTarget;
			buildConfigurationList = 2F4F491F18B51C0E00BCA590 /* Build configuration list for PBXNativeTarget "AirGifTests" */;
			buildPhases = (
				2F4F490818B51C0E00BCA590 /* Sources */,
				2F4F490918B51C0E00BCA590 /* Frameworks */,
				2F4F490A18B51C0E00BCA590 /* Resources */,
			);
			buildRules = (
			);
			dependencies = (
				2F4F491118B51C0E00BCA590 /* PBXTargetDependency */,
			);
			name = AirGifTests;
			productName = AirGifTests;
			productReference = 2F4F490C18B51C0E00BCA590 /* AirGifTests.xctest */;
			productType = "com.apple.product-type.bundle.unit-test";
		};
/* End PBXNativeTarget section */

/* Begin PBXProject section */
		2F4F48E318B51C0E00BCA590 /* Project object */ = {
			isa = PBXProject;
			attributes = {
				CLASSPREFIX = AG;
				LastUpgradeCheck = 0500;
				ORGANIZATIONNAME = inZania;
				TargetAttributes = {
					2F4F48EA18B51C0E00BCA590 = {
						SystemCapabilities = {
							com.apple.Sandbox = {
								enabled = 1;
							};
						};
					};
					2F4F490B18B51C0E00BCA590 = {
						TestTargetID = 2F4F48EA18B51C0E00BCA590;
					};
				};
			};
			buildConfigurationList = 2F4F48E618B51C0E00BCA590 /* Build configuration list for PBXProject "AirGif" */;
			compatibilityVersion = "Xcode 3.2";
			developmentRegion = English;
			hasScannedForEncodings = 0;
			knownRegions = (
				en,
				Base,
			);
			mainGroup = 2F4F48E218B51C0E00BCA590;
			productRefGroup = 2F4F48EC18B51C0E00BCA590 /* Products */;
			projectDirPath = "";
			projectRoot = "";
			targets = (
				2F4F48EA18B51C0E00BCA590 /* AirGif */,
				2F4F490B18B51C0E00BCA590 /* AirGifTests */,
			);
		};
/* End PBXProject section */

/* Begin PBXResourcesBuildPhase section */
		2F4F48E918B51C0E00BCA590 /* Resources */ = {
			isa = PBXResourcesBuildPhase;
			buildActionMask = 2147483647;
			files = (
				2F016F4C1921250800DDC252 /* DisabledGrayDot.png in Resources */,
				2F68856B19193D9D00C36852 /* 912-gears-selected@2x.png in Resources */,
				2F68856A19193D9D00C36852 /* 912-gears-selected.png in Resources */,
				2F710241192E50AE00271CB1 /* AGSetupFTUE.xib in Resources */,
				2FE20AF21926718B0019FBD0 /* 909-tags-grey@2x.png in Resources */,
				2FFFD8CF1927E25200F4453C /* cloud-import@2x.png in Resources */,
				2F68856319193D9D00C36852 /* 708-search-selected@2x.png in Resources */,
				2F68857119193D9D00C36852 /* 973-user@2x.png in Resources */,
				2F016F4F1921250800DDC252 /* SetupAssistant.xib in Resources */,
				2FE20AF41926718B0019FBD0 /* 924-inbox-download-grey@2x.png in Resources */,
				2F68856F19193D9D00C36852 /* 973-user-selected@2x.png in Resources */,
				2F6885841919402800C36852 /* AGTagViewController.xib in Resources */,
				2F68856E19193D9D00C36852 /* 973-user-selected.png in Resources */,
				2F68856219193D9D00C36852 /* 708-search-selected.png in Resources */,
				2F68857619193D9D00C36852 /* Credits.rtf in Resources */,
				2F68857219193D9D00C36852 /* Status.png in Resources */,
				2F68856619193D9D00C36852 /* 909-tags-selected.png in Resources */,
				2F68858A191940DD00C36852 /* AGSettingsViewController.xib in Resources */,
				2F68857319193D9D00C36852 /* Status@2x.png in Resources */,
				2F016F4B1921250800DDC252 /* BlueDot.png in Resources */,
				2F68856719193D9D00C36852 /* 909-tags-selected@2x.png in Resources */,
				2F68856419193D9D00C36852 /* 708-search.png in Resources */,
				2F68857519193D9D00C36852 /* StatusHighlighted@2x.png in Resources */,
				2F68857719193D9D00C36852 /* InfoPlist.strings in Resources */,
				2FE20AF11926718B0019FBD0 /* 909-tags-grey.png in Resources */,
				2F68857819193D9D00C36852 /* Localizable.strings in Resources */,
				2F016F501921250800DDC252 /* SetupAssistantMini.xib in Resources */,
				2F016D59191C2EA000DDC252 /* MainMenu.xib in Resources */,
				2F016F671921327800DDC252 /* AGGifWindowController.xib in Resources */,
				2F71023B192E503000271CB1 /* menubar.png in Resources */,
				2FE20AF01926718B0019FBD0 /* 906-chat-3-grey@2x.png in Resources */,
				2F016F4D1921250800DDC252 /* GrayDot.png in Resources */,
				2F016F60192126ED00DDC252 /* AGSetupDirectory.xib in Resources */,
				2F68856519193D9D00C36852 /* 708-search@2x.png in Resources */,
				2F710244192E53B200271CB1 /* 782-compass.png in Resources */,
				2F710245192E53B200271CB1 /* 782-compass@2x.png in Resources */,
				2F68856C19193D9D00C36852 /* 912-gears.png in Resources */,
				2F68856819193D9D00C36852 /* 909-tags.png in Resources */,
				2F4F490718B51C0E00BCA590 /* Images.xcassets in Resources */,
				2F68856D19193D9D00C36852 /* 912-gears@2x.png in Resources */,
				2F71023C192E503000271CB1 /* menubar@2x.png in Resources */,
				2F68857E19193EC600C36852 /* AGSearchViewController.xib in Resources */,
				2FE20AF31926718B0019FBD0 /* 924-inbox-download-grey.png in Resources */,
				2F68857419193D9D00C36852 /* StatusHighlighted.png in Resources */,
				2F68857019193D9D00C36852 /* 973-user.png in Resources */,
				2FE20AEF1926718B0019FBD0 /* 906-chat-3-grey.png in Resources */,
				2F68856919193D9D00C36852 /* 909-tags@2x.png in Resources */,
				2FFFD8CE1927E25200F4453C /* cloud-import.png in Resources */,
			);
			runOnlyForDeploymentPostprocessing = 0;
		};
		2F4F490A18B51C0E00BCA590 /* Resources */ = {
			isa = PBXResourcesBuildPhase;
			buildActionMask = 2147483647;
			files = (
				2F4F491718B51C0E00BCA590 /* InfoPlist.strings in Resources */,
			);
			runOnlyForDeploymentPostprocessing = 0;
		};
/* End PBXResourcesBuildPhase section */

/* Begin PBXSourcesBuildPhase section */
		2F4F48E718B51C0E00BCA590 /* Sources */ = {
			isa = PBXSourcesBuildPhase;
			buildActionMask = 2147483647;
			files = (
				2FFFD8A71927BBA300F4453C /* AGGif.m in Sources */,
				2F45C9EC1923D11E00FC35AE /* MASShortcut+UserDefaults.m in Sources */,
				2F688589191940DD00C36852 /* AGSettingsViewController.m in Sources */,
				2F6883F71917F17800C36852 /* NSImage+AnimatedGif.m in Sources */,
				2F9D646719191F40004B1F38 /* ITSidebar.m in Sources */,
				2FFFD8AF1927BBE100F4453C /* HTTPRequest.m in Sources */,
				2F68858D1919428500C36852 /* AGContentViewController.m in Sources */,
				2F6883FA1917F21800C36852 /* AGDirectoryScanner.m in Sources */,
				2F6885931919491700C36852 /* NSImage+Manipulation.m in Sources */,
				2F016F531921250800DDC252 /* TESetupAssistant.m in Sources */,
				2F68850F1919340000C36852 /* AGMainWindow.m in Sources */,
				2FFFD8A81927BBA300F4453C /* AGGifTag.m in Sources */,
				2F016F521921250800DDC252 /* TEInstallStepView.m in Sources */,
				2F45C9EE1923D11E00FC35AE /* MASShortcutView+UserDefaults.m in Sources */,
				2F016F511921250800DDC252 /* TEInstallStepCell.m in Sources */,
				2FFFD8A61927BBA300F4453C /* AGDataStore.m in Sources */,
				2F6D7FB6191FFC1300CDCEA6 /* ORImageView.m in Sources */,
				2F45C9ED1923D11E00FC35AE /* MASShortcut.m in Sources */,
				2F71023F192E509D00271CB1 /* AGSetupFTUE.m in Sources */,
				2FFFD8A41927BBA300F4453C /* AirGifs.xcdatamodeld in Sources */,
				2FFFD8B21927BE7600F4453C /* AGAnalytics.m in Sources */,
				2F016F57192125AA00DDC252 /* AGSetupAssistant.m in Sources */,
				2F6883EF1917EC5A00C36852 /* NSImage+Hash.m in Sources */,
				2F016F4E1921250800DDC252 /* NSBundle+TEAdditions.m in Sources */,
				2FFFD8AE1927BBE100F4453C /* AGSettings.m in Sources */,
				2F688590191945C300C36852 /* AGSearchResultViewItem.m in Sources */,
				2F45C9EB1923D11E00FC35AE /* MASShortcut+Monitoring.m in Sources */,
				2F016F5F192126ED00DDC252 /* AGSetupDirectory.m in Sources */,
				2F6885831919402800C36852 /* AGTagViewController.m in Sources */,
				2F016F661921327800DDC252 /* AGGifWindowController.m in Sources */,
				2F45CA1E192528E600FC35AE /* AGWindowUtilities.m in Sources */,
				2F9D646819191F40004B1F38 /* ITSidebarItemCell.m in Sources */,
				2F016F541921250800DDC252 /* TESetupAssistantBGView.m in Sources */,
				2FE84DBB192A989B00DBCA36 /* SKProduct+Pricing.m in Sources */,
				2F45C9EF1923D11E00FC35AE /* MASShortcutView.m in Sources */,
				2FFFD8B51927BEDD00F4453C /* AGPointManager.m in Sources */,
				2F4F490218B51C0E00BCA590 /* AGAppDelegate.m in Sources */,
				2FFFD8A51927BBA300F4453C /* AGData.m in Sources */,
				2F68857D19193EC600C36852 /* AGSearchViewController.m in Sources */,
				2FFFD842192709B000F4453C /* AGDraggableImageView.m in Sources */,
				2F45C9DC1923C3B100FC35AE /* GAReporting.m in Sources */,
				2F4F48FB18B51C0E00BCA590 /* main.m in Sources */,
				2F9D644D191896C0004B1F38 /* OBMenuBarWindow.m in Sources */,
			);
			runOnlyForDeploymentPostprocessing = 0;
		};
		2F4F490818B51C0E00BCA590 /* Sources */ = {
			isa = PBXSourcesBuildPhase;
			buildActionMask = 2147483647;
			files = (
				2F4F491918B51C0E00BCA590 /* AirGifTests.m in Sources */,
			);
			runOnlyForDeploymentPostprocessing = 0;
		};
/* End PBXSourcesBuildPhase section */

/* Begin PBXTargetDependency section */
		2F4F491118B51C0E00BCA590 /* PBXTargetDependency */ = {
			isa = PBXTargetDependency;
			target = 2F4F48EA18B51C0E00BCA590 /* AirGif */;
			targetProxy = 2F4F491018B51C0E00BCA590 /* PBXContainerItemProxy */;
		};
/* End PBXTargetDependency section */

/* Begin PBXVariantGroup section */
		2F4F491518B51C0E00BCA590 /* InfoPlist.strings */ = {
			isa = PBXVariantGroup;
			children = (
				2F4F491618B51C0E00BCA590 /* en */,
			);
			name = InfoPlist.strings;
			sourceTree = "<group>";
		};
		2F68855C19193D9D00C36852 /* Credits.rtf */ = {
			isa = PBXVariantGroup;
			children = (
				2F68855D19193D9D00C36852 /* en */,
			);
			name = Credits.rtf;
			sourceTree = "<group>";
		};
		2F68855E19193D9D00C36852 /* InfoPlist.strings */ = {
			isa = PBXVariantGroup;
			children = (
				2F68855F19193D9D00C36852 /* en */,
			);
			name = InfoPlist.strings;
			sourceTree = "<group>";
		};
		2F68856019193D9D00C36852 /* Localizable.strings */ = {
			isa = PBXVariantGroup;
			children = (
				2F68856119193D9D00C36852 /* en */,
			);
			name = Localizable.strings;
			sourceTree = "<group>";
		};
/* End PBXVariantGroup section */

/* Begin XCBuildConfiguration section */
		2F4F491A18B51C0E00BCA590 /* Debug */ = {
			isa = XCBuildConfiguration;
			buildSettings = {
				ALWAYS_SEARCH_USER_PATHS = NO;
				CLANG_CXX_LANGUAGE_STANDARD = "gnu++0x";
				CLANG_CXX_LIBRARY = "libc++";
				CLANG_ENABLE_OBJC_ARC = YES;
				CLANG_WARN_BOOL_CONVERSION = YES;
				CLANG_WARN_CONSTANT_CONVERSION = YES;
				CLANG_WARN_DIRECT_OBJC_ISA_USAGE = YES_ERROR;
				CLANG_WARN_EMPTY_BODY = YES;
				CLANG_WARN_ENUM_CONVERSION = YES;
				CLANG_WARN_INT_CONVERSION = YES;
				CLANG_WARN_OBJC_ROOT_CLASS = YES_ERROR;
				CLANG_WARN__DUPLICATE_METHOD_MATCH = YES;
				CODE_SIGN_IDENTITY = "Mac Developer";
				COPY_PHASE_STRIP = NO;
				GCC_C_LANGUAGE_STANDARD = gnu99;
				GCC_DYNAMIC_NO_PIC = NO;
				GCC_ENABLE_OBJC_EXCEPTIONS = YES;
				GCC_OPTIMIZATION_LEVEL = 0;
				GCC_PREPROCESSOR_DEFINITIONS = (
					"DEBUG=1",
					"$(inherited)",
				);
				GCC_SYMBOLS_PRIVATE_EXTERN = NO;
				GCC_WARN_64_TO_32_BIT_CONVERSION = YES;
				GCC_WARN_ABOUT_RETURN_TYPE = YES_ERROR;
				GCC_WARN_UNDECLARED_SELECTOR = YES;
				GCC_WARN_UNINITIALIZED_AUTOS = YES;
				GCC_WARN_UNUSED_FUNCTION = YES;
				GCC_WARN_UNUSED_VARIABLE = YES;
				MACOSX_DEPLOYMENT_TARGET = 10.9;
				ONLY_ACTIVE_ARCH = YES;
				PROVISIONING_PROFILE = "B62CF0E4-5803-4A52-998D-E862E1BF2AB0";
				SDKROOT = macosx;
			};
			name = Debug;
		};
		2F4F491B18B51C0E00BCA590 /* Release */ = {
			isa = XCBuildConfiguration;
			buildSettings = {
				ALWAYS_SEARCH_USER_PATHS = NO;
				CLANG_CXX_LANGUAGE_STANDARD = "gnu++0x";
				CLANG_CXX_LIBRARY = "libc++";
				CLANG_ENABLE_OBJC_ARC = YES;
				CLANG_WARN_BOOL_CONVERSION = YES;
				CLANG_WARN_CONSTANT_CONVERSION = YES;
				CLANG_WARN_DIRECT_OBJC_ISA_USAGE = YES_ERROR;
				CLANG_WARN_EMPTY_BODY = YES;
				CLANG_WARN_ENUM_CONVERSION = YES;
				CLANG_WARN_INT_CONVERSION = YES;
				CLANG_WARN_OBJC_ROOT_CLASS = YES_ERROR;
				CLANG_WARN__DUPLICATE_METHOD_MATCH = YES;
				CODE_SIGN_IDENTITY = "3rd Party Mac Developer Application";
				COPY_PHASE_STRIP = YES;
				DEBUG_INFORMATION_FORMAT = "dwarf-with-dsym";
				ENABLE_NS_ASSERTIONS = NO;
				GCC_C_LANGUAGE_STANDARD = gnu99;
				GCC_ENABLE_OBJC_EXCEPTIONS = YES;
				GCC_WARN_64_TO_32_BIT_CONVERSION = YES;
				GCC_WARN_ABOUT_RETURN_TYPE = YES_ERROR;
				GCC_WARN_UNDECLARED_SELECTOR = YES;
				GCC_WARN_UNINITIALIZED_AUTOS = YES;
				GCC_WARN_UNUSED_FUNCTION = YES;
				GCC_WARN_UNUSED_VARIABLE = YES;
				MACOSX_DEPLOYMENT_TARGET = 10.9;
				PROVISIONING_PROFILE = "6A2AB2FF-B14B-4986-BCBE-E5D348865FB4";
				SDKROOT = macosx;
			};
			name = Release;
		};
		2F4F491D18B51C0E00BCA590 /* Debug */ = {
			isa = XCBuildConfiguration;
			buildSettings = {
				ASSETCATALOG_COMPILER_APPICON_NAME = AppIcon;
				CODE_SIGN_ENTITLEMENTS = AirGif/AirGif.entitlements;
				CODE_SIGN_IDENTITY = "-";
				COMBINE_HIDPI_IMAGES = YES;
				FRAMEWORK_SEARCH_PATHS = (
					"$(inherited)",
					"$(PROJECT_DIR)/AirGif/Libraries/HockeySDK-Mac",
				);
				GCC_PRECOMPILE_PREFIX_HEADER = YES;
				GCC_PREFIX_HEADER = "AirGif/AirGif-Prefix.pch";
				INFOPLIST_FILE = "AirGif/AirGif-Info.plist";
				MACOSX_DEPLOYMENT_TARGET = 10.7;
				PRODUCT_NAME = "$(TARGET_NAME)";
				WRAPPER_EXTENSION = app;
			};
			name = Debug;
		};
		2F4F491E18B51C0E00BCA590 /* Release */ = {
			isa = XCBuildConfiguration;
			buildSettings = {
				ASSETCATALOG_COMPILER_APPICON_NAME = AppIcon;
				CODE_SIGN_ENTITLEMENTS = AirGif/AirGif.entitlements;
				CODE_SIGN_IDENTITY = "-";
				COMBINE_HIDPI_IMAGES = YES;
				COPY_PHASE_STRIP = NO;
				FRAMEWORK_SEARCH_PATHS = (
					"$(inherited)",
					"$(PROJECT_DIR)/AirGif/Libraries/HockeySDK-Mac",
				);
				GCC_PRECOMPILE_PREFIX_HEADER = YES;
				GCC_PREFIX_HEADER = "AirGif/AirGif-Prefix.pch";
				INFOPLIST_FILE = "AirGif/AirGif-Info.plist";
				MACOSX_DEPLOYMENT_TARGET = 10.7;
				PRODUCT_NAME = "$(TARGET_NAME)";
				PROVISIONING_PROFILE = "C3125D4E-54EE-4458-9C7E-07CA56F738F1";
				WRAPPER_EXTENSION = app;
			};
			name = Release;
		};
		2F4F492018B51C0E00BCA590 /* Debug */ = {
			isa = XCBuildConfiguration;
			buildSettings = {
				BUNDLE_LOADER = "$(BUILT_PRODUCTS_DIR)/AirGif.app/Contents/MacOS/AirGif";
				COMBINE_HIDPI_IMAGES = YES;
				FRAMEWORK_SEARCH_PATHS = (
					"$(DEVELOPER_FRAMEWORKS_DIR)",
					"$(inherited)",
				);
				GCC_PRECOMPILE_PREFIX_HEADER = YES;
				GCC_PREFIX_HEADER = "AirGif/AirGif-Prefix.pch";
				GCC_PREPROCESSOR_DEFINITIONS = (
					"DEBUG=1",
					"$(inherited)",
				);
				INFOPLIST_FILE = "AirGifTests/AirGifTests-Info.plist";
				PRODUCT_NAME = "$(TARGET_NAME)";
				TEST_HOST = "$(BUNDLE_LOADER)";
				WRAPPER_EXTENSION = xctest;
			};
			name = Debug;
		};
		2F4F492118B51C0E00BCA590 /* Release */ = {
			isa = XCBuildConfiguration;
			buildSettings = {
				BUNDLE_LOADER = "$(BUILT_PRODUCTS_DIR)/AirGif.app/Contents/MacOS/AirGif";
				COMBINE_HIDPI_IMAGES = YES;
				FRAMEWORK_SEARCH_PATHS = (
					"$(DEVELOPER_FRAMEWORKS_DIR)",
					"$(inherited)",
				);
				GCC_PRECOMPILE_PREFIX_HEADER = YES;
				GCC_PREFIX_HEADER = "AirGif/AirGif-Prefix.pch";
				INFOPLIST_FILE = "AirGifTests/AirGifTests-Info.plist";
				PRODUCT_NAME = "$(TARGET_NAME)";
				TEST_HOST = "$(BUNDLE_LOADER)";
				WRAPPER_EXTENSION = xctest;
			};
			name = Release;
		};
/* End XCBuildConfiguration section */

/* Begin XCConfigurationList section */
		2F4F48E618B51C0E00BCA590 /* Build configuration list for PBXProject "AirGif" */ = {
			isa = XCConfigurationList;
			buildConfigurations = (
				2F4F491A18B51C0E00BCA590 /* Debug */,
				2F4F491B18B51C0E00BCA590 /* Release */,
			);
			defaultConfigurationIsVisible = 0;
			defaultConfigurationName = Release;
		};
		2F4F491C18B51C0E00BCA590 /* Build configuration list for PBXNativeTarget "AirGif" */ = {
			isa = XCConfigurationList;
			buildConfigurations = (
				2F4F491D18B51C0E00BCA590 /* Debug */,
				2F4F491E18B51C0E00BCA590 /* Release */,
			);
			defaultConfigurationIsVisible = 0;
			defaultConfigurationName = Release;
		};
		2F4F491F18B51C0E00BCA590 /* Build configuration list for PBXNativeTarget "AirGifTests" */ = {
			isa = XCConfigurationList;
			buildConfigurations = (
				2F4F492018B51C0E00BCA590 /* Debug */,
				2F4F492118B51C0E00BCA590 /* Release */,
			);
			defaultConfigurationIsVisible = 0;
			defaultConfigurationName = Release;
		};
/* End XCConfigurationList section */

/* Begin XCVersionGroup section */
		2FFFD8991927BBA300F4453C /* AirGifs.xcdatamodeld */ = {
			isa = XCVersionGroup;
			children = (
				2FFFD89A1927BBA300F4453C /* AirGifs.xcdatamodel */,
			);
			currentVersion = 2FFFD89A1927BBA300F4453C /* AirGifs.xcdatamodel */;
			path = AirGifs.xcdatamodeld;
			sourceTree = "<group>";
			versionGroupType = wrapper.xcdatamodel;
		};
/* End XCVersionGroup section */
	};
	rootObject = 2F4F48E318B51C0E00BCA590 /* Project object */;
}
